
Microsoft Visual Studio Solution File, Format Version 12.00
# Visual Studio 15
VisualStudioVersion = 15.0.26730.16
MinimumVisualStudioVersion = 10.0.40219.1
Project("{FAE04EC0-301F-11D3-BF4B-00C04F79EFBC}") = "EmailFix", "EmailFix\EmailFix.csproj", "{C5146918-9A26-41D8-8E73-1B338D618464}"
EndProject
Global
	GlobalSection(SolutionConfigurationPlatforms) = preSolution
		Debug|Any CPU = Debug|Any CPU
		Release|Any CPU = Release|Any CPU
	EndGlobalSection
	GlobalSection(ProjectConfigurationPlatforms) = postSolution
		{C5146918-9A26-41D8-8E73-1B338D618464}.Debug|Any CPU.ActiveCfg = Debug|Any CPU
		{C5146918-9A26-41D8-8E73-1B338D618464}.Debug|Any CPU.Build.0 = Debug|Any CPU
		{C5146918-9A26-41D8-8E73-1B338D618464}.Release|Any CPU.ActiveCfg = Release|Any CPU
		{C5146918-9A26-41D8-8E73-1B338D618464}.Release|Any CPU.Build.0 = Release|Any CPU
	EndGlobalSection
	GlobalSection(SolutionProperties) = preSolution
		HideSolutionNode = FALSE
	EndGlobalSection
	GlobalSection(ExtensibilityGlobals) = postSolution
		SolutionGuid = {478EC206-0722-4550-8930-1054FB05D199}
	EndGlobalSection
EndGlobal
